
Microsoft Visual Studio Solution File, Format Version 12.00
# Visual Studio Version 17
VisualStudioVersion = 17.4.33103.184
MinimumVisualStudioVersion = 10.0.40219.1
Project("{FAE04EC0-301F-11D3-BF4B-00C04F79EFBC}") = "MagicVilla_VillaAPI", "MagicVilla_VillaAPI\MagicVilla_VillaAPI.csproj", "{D5034EC0-4EFA-4E34-A30F-6F144E9D9A9C}"
EndProject
Global
	GlobalSection(SolutionConfigurationPlatforms) = preSolution
		Debug|Any CPU = Debug|Any CPU
		Release|Any CPU = Release|Any CPU
	EndGlobalSection
	GlobalSection(ProjectConfigurationPlatforms) = postSolution
		{D5034EC0-4EFA-4E34-A30F-6F144E9D9A9C}.Debug|Any CPU.ActiveCfg = Debug|Any CPU
		{D5034EC0-4EFA-4E34-A30F-6F144E9D9A9C}.Debug|Any CPU.Build.0 = Debug|Any CPU
		{D5034EC0-4EFA-4E34-A30F-6F144E9D9A9C}.Release|Any CPU.ActiveCfg = Release|Any CPU
		{D5034EC0-4EFA-4E34-A30F-6F144E9D9A9C}.Release|Any CPU.Build.0 = Release|Any CPU
	EndGlobalSection
	GlobalSection(SolutionProperties) = preSolution
		HideSolutionNode = FALSE
	EndGlobalSection
	GlobalSection(ExtensibilityGlobals) = postSolution
		SolutionGuid = {BC2D6213-7D01-49CE-980B-F7B0DCCBD8CC}
	EndGlobalSection
EndGlobal
